// !$*UTF8*$!
{
	archiveVersion = 1;
	classes = {
	};
	objectVersion = 50;
	objects = {

/* Begin PBXBuildFile section */
		A0DA35C7212428D4006F58CF /* AppDelegate.m in Sources */ = {isa = PBXBuildFile; fileRef = A0DA35C6212428D4006F58CF /* AppDelegate.m */; };
		A0DA35CA212428D4006F58CF /* ViewController.m in Sources */ = {isa = PBXBuildFile; fileRef = A0DA35C9212428D4006F58CF /* ViewController.m */; };
		A0DA35CD212428D4006F58CF /* Main.storyboard in Resources */ = {isa = PBXBuildFile; fileRef = A0DA35CB212428D4006F58CF /* Main.storyboard */; };
		A0DA35CF212428D6006F58CF /* Assets.xcassets in Resources */ = {isa = PBXBuildFile; fileRef = A0DA35CE212428D6006F58CF /* Assets.xcassets */; };
		A0DA35D2212428D6006F58CF /* LaunchScreen.storyboard in Resources */ = {isa = PBXBuildFile; fileRef = A0DA35D0212428D6006F58CF /* LaunchScreen.storyboard */; };
		A0DA35D5212428D6006F58CF /* main.m in Sources */ = {isa = PBXBuildFile; fileRef = A0DA35D4212428D6006F58CF /* main.m */; };
		A0DA35DF212428D7006F58CF /* TransitionViewControllerDemoTests.m in Sources */ = {isa = PBXBuildFile; fileRef = A0DA35DE212428D7006F58CF /* TransitionViewControllerDemoTests.m */; };
		A0DA35EA212428D7006F58CF /* TransitionViewControllerDemoUITests.m in Sources */ = {isa = PBXBuildFile; fileRef = A0DA35E9212428D7006F58CF /* TransitionViewControllerDemoUITests.m */; };
		A0DA35FC21242913006F58CF /* WKTransitionViewController.m in Sources */ = {isa = PBXBuildFile; fileRef = A0DA35F821242912006F58CF /* WKTransitionViewController.m */; };
		A0DA35FD21242913006F58CF /* WKViewControllerManager.m in Sources */ = {isa = PBXBuildFile; fileRef = A0DA35FB21242913006F58CF /* WKViewControllerManager.m */; };
		A0DA36022124293D006F58CF /* TestTwoViewController.m in Sources */ = {isa = PBXBuildFile; fileRef = A0DA35FF2124293C006F58CF /* TestTwoViewController.m */; };
		A0DA36032124293D006F58CF /* TestOneViewController.m in Sources */ = {isa = PBXBuildFile; fileRef = A0DA36012124293D006F58CF /* TestOneViewController.m */; };
/* End PBXBuildFile section */

/* Begin PBXContainerItemProxy section */
		A0DA35DB212428D7006F58CF /* PBXContainerItemProxy */ = {
			isa = PBXContainerItemProxy;
			containerPortal = A0DA35BA212428D4006F58CF /* Project object */;
			proxyType = 1;
			remoteGlobalIDString = A0DA35C1212428D4006F58CF;
			remoteInfo = TransitionViewControllerDemo;
		};
		A0DA35E6212428D7006F58CF /* PBXContainerItemProxy */ = {
			isa = PBXContainerItemProxy;
			containerPortal = A0DA35BA212428D4006F58CF /* Project object */;
			proxyType = 1;
			remoteGlobalIDString = A0DA35C1212428D4006F58CF;
			remoteInfo = TransitionViewControllerDemo;
		};
/* End PBXContainerItemProxy section */

/* Begin PBXFileReference section */
		A0DA35C2212428D4006F58CF /* TransitionViewControllerDemo.app */ = {isa = PBXFileReference; explicitFileType = wrapper.application; includeInIndex = 0; path = TransitionViewControllerDemo.app; sourceTree = BUILT_PRODUCTS_DIR; };
		A0DA35C5212428D4006F58CF /* AppDelegate.h */ = {isa = PBXFileReference; lastKnownFileType = sourcecode.c.h; path = AppDelegate.h; sourceTree = "<group>"; };
		A0DA35C6212428D4006F58CF /* AppDelegate.m */ = {isa = PBXFileReference; lastKnownFileType = sourcecode.c.objc; path = AppDelegate.m; sourceTree = "<group>"; };
		A0DA35C8212428D4006F58CF /* ViewController.h */ = {isa = PBXFileReference; lastKnownFileType = sourcecode.c.h; path = ViewController.h; sourceTree = "<group>"; };
		A0DA35C9212428D4006F58CF /* ViewController.m */ = {isa = PBXFileReference; lastKnownFileType = sourcecode.c.objc; path = ViewController.m; sourceTree = "<group>"; };
		A0DA35CC212428D4006F58CF /* Base */ = {isa = PBXFileReference; lastKnownFileType = file.storyboard; name = Base; path = Base.lproj/Main.storyboard; sourceTree = "<group>"; };
		A0DA35CE212428D6006F58CF /* Assets.xcassets */ = {isa = PBXFileReference; lastKnownFileType = folder.assetcatalog; path = Assets.xcassets; sourceTree = "<group>"; };
		A0DA35D1212428D6006F58CF /* Base */ = {isa = PBXFileReference; lastKnownFileType = file.storyboard; name = Base; path = Base.lproj/LaunchScreen.storyboard; sourceTree = "<group>"; };
		A0DA35D3212428D6006F58CF /* Info.plist */ = {isa = PBXFileReference; lastKnownFileType = text.plist.xml; path = Info.plist; sourceTree = "<group>"; };
		A0DA35D4212428D6006F58CF /* main.m */ = {isa = PBXFileReference; lastKnownFileType = sourcecode.c.objc; path = main.m; sourceTree = "<group>"; };
		A0DA35DA212428D7006F58CF /* TransitionViewControllerDemoTests.xctest */ = {isa = PBXFileReference; explicitFileType = wrapper.cfbundle; includeInIndex = 0; path = TransitionViewControllerDemoTests.xctest; sourceTree = BUILT_PRODUCTS_DIR; };
		A0DA35DE212428D7006F58CF /* TransitionViewControllerDemoTests.m */ = {isa = PBXFileReference; lastKnownFileType = sourcecode.c.objc; path = TransitionViewControllerDemoTests.m; sourceTree = "<group>"; };
		A0DA35E0212428D7006F58CF /* Info.plist */ = {isa = PBXFileReference; lastKnownFileType = text.plist.xml; path = Info.plist; sourceTree = "<group>"; };
		A0DA35E5212428D7006F58CF /* TransitionViewControllerDemoUITests.xctest */ = {isa = PBXFileReference; explicitFileType = wrapper.cfbundle; includeInIndex = 0; path = TransitionViewControllerDemoUITests.xctest; sourceTree = BUILT_PRODUCTS_DIR; };
		A0DA35E9212428D7006F58CF /* TransitionViewControllerDemoUITests.m */ = {isa = PBXFileReference; lastKnownFileType = sourcecode.c.objc; path = TransitionViewControllerDemoUITests.m; sourceTree = "<group>"; };
		A0DA35EB212428D7006F58CF /* Info.plist */ = {isa = PBXFileReference; lastKnownFileType = text.plist.xml; path = Info.plist; sourceTree = "<group>"; };
		A0DA35F821242912006F58CF /* WKTransitionViewController.m */ = {isa = PBXFileReference; fileEncoding = 4; lastKnownFileType = sourcecode.c.objc; path = WKTransitionViewController.m; sourceTree = "<group>"; };
		A0DA35F921242912006F58CF /* WKViewControllerManager.h */ = {isa = PBXFileReference; fileEncoding = 4; lastKnownFileType = sourcecode.c.h; path = WKViewControllerManager.h; sourceTree = "<group>"; };
		A0DA35FA21242912006F58CF /* WKTransitionViewController.h */ = {isa = PBXFileReference; fileEncoding = 4; lastKnownFileType = sourcecode.c.h; path = WKTransitionViewController.h; sourceTree = "<group>"; };
		A0DA35FB21242913006F58CF /* WKViewControllerManager.m */ = {isa = PBXFileReference; fileEncoding = 4; lastKnownFileType = sourcecode.c.objc; path = WKViewControllerManager.m; sourceTree = "<group>"; };
		A0DA35FE2124293C006F58CF /* TestOneViewController.h */ = {isa = PBXFileReference; fileEncoding = 4; lastKnownFileType = sourcecode.c.h; path = TestOneViewController.h; sourceTree = "<group>"; };
		A0DA35FF2124293C006F58CF /* TestTwoViewController.m */ = {isa = PBXFileReference; fileEncoding = 4; lastKnownFileType = sourcecode.c.objc; path = TestTwoViewController.m; sourceTree = "<group>"; };
		A0DA36002124293D006F58CF /* TestTwoViewController.h */ = {isa = PBXFileReference; fileEncoding = 4; lastKnownFileType = sourcecode.c.h; path = TestTwoViewController.h; sourceTree = "<group>"; };
		A0DA36012124293D006F58CF /* TestOneViewController.m */ = {isa = PBXFileReference; fileEncoding = 4; lastKnownFileType = sourcecode.c.objc; path = TestOneViewController.m; sourceTree = "<group>"; };
/* End PBXFileReference section */

/* Begin PBXFrameworksBuildPhase section */
		A0DA35BF212428D4006F58CF /* Frameworks */ = {
			isa = PBXFrameworksBuildPhase;
			buildActionMask = 2147483647;
			files = (
			);
			runOnlyForDeploymentPostprocessing = 0;
		};
		A0DA35D7212428D7006F58CF /* Frameworks */ = {
			isa = PBXFrameworksBuildPhase;
			buildActionMask = 2147483647;
			files = (
			);
			runOnlyForDeploymentPostprocessing = 0;
		};
		A0DA35E2212428D7006F58CF /* Frameworks */ = {
			isa = PBXFrameworksBuildPhase;
			buildActionMask = 2147483647;
			files = (
			);
			runOnlyForDeploymentPostprocessing = 0;
		};
/* End PBXFrameworksBuildPhase section */

/* Begin PBXGroup section */
		A0DA35B9212428D4006F58CF = {
			isa = PBXGroup;
			children = (
				A0DA35C4212428D4006F58CF /* TransitionViewControllerDemo */,
				A0DA35DD212428D7006F58CF /* TransitionViewControllerDemoTests */,
				A0DA35E8212428D7006F58CF /* TransitionViewControllerDemoUITests */,
				A0DA35C3212428D4006F58CF /* Products */,
			);
			sourceTree = "<group>";
		};
		A0DA35C3212428D4006F58CF /* Products */ = {
			isa = PBXGroup;
			children = (
				A0DA35C2212428D4006F58CF /* TransitionViewControllerDemo.app */,
				A0DA35DA212428D7006F58CF /* TransitionViewControllerDemoTests.xctest */,
				A0DA35E5212428D7006F58CF /* TransitionViewControllerDemoUITests.xctest */,
			);
			name = Products;
			sourceTree = "<group>";
		};
		A0DA35C4212428D4006F58CF /* TransitionViewControllerDemo */ = {
			isa = PBXGroup;
			children = (
				A0DA35F721242901006F58CF /* TransitionViewController */,
				A0DA35C5212428D4006F58CF /* AppDelegate.h */,
				A0DA35C6212428D4006F58CF /* AppDelegate.m */,
				A0DA35C8212428D4006F58CF /* ViewController.h */,
				A0DA35C9212428D4006F58CF /* ViewController.m */,
				A0DA35FE2124293C006F58CF /* TestOneViewController.h */,
				A0DA36012124293D006F58CF /* TestOneViewController.m */,
				A0DA36002124293D006F58CF /* TestTwoViewController.h */,
				A0DA35FF2124293C006F58CF /* TestTwoViewController.m */,
				A0DA35CB212428D4006F58CF /* Main.storyboard */,
				A0DA35CE212428D6006F58CF /* Assets.xcassets */,
				A0DA35D0212428D6006F58CF /* LaunchScreen.storyboard */,
				A0DA35D3212428D6006F58CF /* Info.plist */,
				A0DA35D4212428D6006F58CF /* main.m */,
			);
			path = TransitionViewControllerDemo;
			sourceTree = "<group>";
		};
		A0DA35DD212428D7006F58CF /* TransitionViewControllerDemoTests */ = {
			isa = PBXGroup;
			children = (
				A0DA35DE212428D7006F58CF /* TransitionViewControllerDemoTests.m */,
				A0DA35E0212428D7006F58CF /* Info.plist */,
			);
			path = TransitionViewControllerDemoTests;
			sourceTree = "<group>";
		};
		A0DA35E8212428D7006F58CF /* TransitionViewControllerDemoUITests */ = {
			isa = PBXGroup;
			children = (
				A0DA35E9212428D7006F58CF /* TransitionViewControllerDemoUITests.m */,
				A0DA35EB212428D7006F58CF /* Info.plist */,
			);
			path = TransitionViewControllerDemoUITests;
			sourceTree = "<group>";
		};
		A0DA35F721242901006F58CF /* TransitionViewController */ = {
			isa = PBXGroup;
			children = (
				A0DA35FA21242912006F58CF /* WKTransitionViewController.h */,
				A0DA35F821242912006F58CF /* WKTransitionViewController.m */,
				A0DA35F921242912006F58CF /* WKViewControllerManager.h */,
				A0DA35FB21242913006F58CF /* WKViewControllerManager.m */,
			);
			path = TransitionViewController;
			sourceTree = SOURCE_ROOT;
		};
/* End PBXGroup section */

/* Begin PBXNativeTarget section */
		A0DA35C1212428D4006F58CF /* TransitionViewControllerDemo */ = {
			isa = PBXNativeTarget;
			buildConfigurationList = A0DA35EE212428D7006F58CF /* Build configuration list for PBXNativeTarget "TransitionViewControllerDemo" */;
			buildPhases = (
				A0DA35BE212428D4006F58CF /* Sources */,
				A0DA35BF212428D4006F58CF /* Frameworks */,
				A0DA35C0212428D4006F58CF /* Resources */,
			);
			buildRules = (
			);
			dependencies = (
			);
			name = TransitionViewControllerDemo;
			productName = TransitionViewControllerDemo;
			productReference = A0DA35C2212428D4006F58CF /* TransitionViewControllerDemo.app */;
			productType = "com.apple.product-type.application";
		};
		A0DA35D9212428D7006F58CF /* TransitionViewControllerDemoTests */ = {
			isa = PBXNativeTarget;
			buildConfigurationList = A0DA35F1212428D7006F58CF /* Build configuration list for PBXNativeTarget "TransitionViewControllerDemoTests" */;
			buildPhases = (
				A0DA35D6212428D7006F58CF /* Sources */,
				A0DA35D7212428D7006F58CF /* Frameworks */,
				A0DA35D8212428D7006F58CF /* Resources */,
			);
			buildRules = (
			);
			dependencies = (
				A0DA35DC212428D7006F58CF /* PBXTargetDependency */,
			);
			name = TransitionViewControllerDemoTests;
			productName = TransitionViewControllerDemoTests;
			productReference = A0DA35DA212428D7006F58CF /* TransitionViewControllerDemoTests.xctest */;
			productType = "com.apple.product-type.bundle.unit-test";
		};
		A0DA35E4212428D7006F58CF /* TransitionViewControllerDemoUITests */ = {
			isa = PBXNativeTarget;
			buildConfigurationList = A0DA35F4212428D7006F58CF /* Build configuration list for PBXNativeTarget "TransitionViewControllerDemoUITests" */;
			buildPhases = (
				A0DA35E1212428D7006F58CF /* Sources */,
				A0DA35E2212428D7006F58CF /* Frameworks */,
				A0DA35E3212428D7006F58CF /* Resources */,
			);
			buildRules = (
			);
			dependencies = (
				A0DA35E7212428D7006F58CF /* PBXTargetDependency */,
			);
			name = TransitionViewControllerDemoUITests;
			productName = TransitionViewControllerDemoUITests;
			productReference = A0DA35E5212428D7006F58CF /* TransitionViewControllerDemoUITests.xctest */;
			productType = "com.apple.product-type.bundle.ui-testing";
		};
/* End PBXNativeTarget section */

/* Begin PBXProject section */
		A0DA35BA212428D4006F58CF /* Project object */ = {
			isa = PBXProject;
			attributes = {
				LastUpgradeCheck = 0940;
				ORGANIZATIONNAME = WineKai;
				TargetAttributes = {
					A0DA35C1212428D4006F58CF = {
						CreatedOnToolsVersion = 9.4.1;
					};
					A0DA35D9212428D7006F58CF = {
						CreatedOnToolsVersion = 9.4.1;
						TestTargetID = A0DA35C1212428D4006F58CF;
					};
					A0DA35E4212428D7006F58CF = {
						CreatedOnToolsVersion = 9.4.1;
						TestTargetID = A0DA35C1212428D4006F58CF;
					};
				};
			};
			buildConfigurationList = A0DA35BD212428D4006F58CF /* Build configuration list for PBXProject "TransitionViewControllerDemo" */;
			compatibilityVersion = "Xcode 9.3";
			developmentRegion = en;
			hasScannedForEncodings = 0;
			knownRegions = (
				en,
				Base,
			);
			mainGroup = A0DA35B9212428D4006F58CF;
			productRefGroup = A0DA35C3212428D4006F58CF /* Products */;
			projectDirPath = "";
			projectRoot = "";
			targets = (
				A0DA35C1212428D4006F58CF /* TransitionViewControllerDemo */,
				A0DA35D9212428D7006F58CF /* TransitionViewControllerDemoTests */,
				A0DA35E4212428D7006F58CF /* TransitionViewControllerDemoUITests */,
			);
		};
/* End PBXProject section */

/* Begin PBXResourcesBuildPhase section */
		A0DA35C0212428D4006F58CF /* Resources */ = {
			isa = PBXResourcesBuildPhase;
			buildActionMask = 2147483647;
			files = (
				A0DA35D2212428D6006F58CF /* LaunchScreen.storyboard in Resources */,
				A0DA35CF212428D6006F58CF /* Assets.xcassets in Resources */,
				A0DA35CD212428D4006F58CF /* Main.storyboard in Resources */,
			);
			runOnlyForDeploymentPostprocessing = 0;
		};
		A0DA35D8212428D7006F58CF /* Resources */ = {
			isa = PBXResourcesBuildPhase;
			buildActionMask = 2147483647;
			files = (
			);
			runOnlyForDeploymentPostprocessing = 0;
		};
		A0DA35E3212428D7006F58CF /* Resources */ = {
			isa = PBXResourcesBuildPhase;
			buildActionMask = 2147483647;
			files = (
			);
			runOnlyForDeploymentPostprocessing = 0;
		};
/* End PBXResourcesBuildPhase section */

/* Begin PBXSourcesBuildPhase section */
		A0DA35BE212428D4006F58CF /* Sources */ = {
			isa = PBXSourcesBuildPhase;
			buildActionMask = 2147483647;
			files = (
				A0DA35FD21242913006F58CF /* WKViewControllerManager.m in Sources */,
				A0DA35CA212428D4006F58CF /* ViewController.m in Sources */,
				A0DA35FC21242913006F58CF /* WKTransitionViewController.m in Sources */,
				A0DA35D5212428D6006F58CF /* main.m in Sources */,
				A0DA35C7212428D4006F58CF /* AppDelegate.m in Sources */,
				A0DA36022124293D006F58CF /* TestTwoViewController.m in Sources */,
				A0DA36032124293D006F58CF /* TestOneViewController.m in Sources */,
			);
			runOnlyForDeploymentPostprocessing = 0;
		};
		A0DA35D6212428D7006F58CF /* Sources */ = {
			isa = PBXSourcesBuildPhase;
			buildActionMask = 2147483647;
			files = (
				A0DA35DF212428D7006F58CF /* TransitionViewControllerDemoTests.m in Sources */,
			);
			runOnlyForDeploymentPostprocessing = 0;
		};
		A0DA35E1212428D7006F58CF /* Sources */ = {
			isa = PBXSourcesBuildPhase;
			buildActionMask = 2147483647;
			files = (
				A0DA35EA212428D7006F58CF /* TransitionViewControllerDemoUITests.m in Sources */,
			);
			runOnlyForDeploymentPostprocessing = 0;
		};
/* End PBXSourcesBuildPhase section */

/* Begin PBXTargetDependency section */
		A0DA35DC212428D7006F58CF /* PBXTargetDependency */ = {
			isa = PBXTargetDependency;
			target = A0DA35C1212428D4006F58CF /* TransitionViewControllerDemo */;
			targetProxy = A0DA35DB212428D7006F58CF /* PBXContainerItemProxy */;
		};
		A0DA35E7212428D7006F58CF /* PBXTargetDependency */ = {
			isa = PBXTargetDependency;
			target = A0DA35C1212428D4006F58CF /* TransitionViewControllerDemo */;
			targetProxy = A0DA35E6212428D7006F58CF /* PBXContainerItemProxy */;
		};
/* End PBXTargetDependency section */

/* Begin PBXVariantGroup section */
		A0DA35CB212428D4006F58CF /* Main.storyboard */ = {
			isa = PBXVariantGroup;
			children = (
				A0DA35CC212428D4006F58CF /* Base */,
			);
			name = Main.storyboard;
			sourceTree = "<group>";
		};
		A0DA35D0212428D6006F58CF /* LaunchScreen.storyboard */ = {
			isa = PBXVariantGroup;
			children = (
				A0DA35D1212428D6006F58CF /* Base */,
			);
			name = LaunchScreen.storyboard;
			sourceTree = "<group>";
		};
/* End PBXVariantGroup section */

/* Begin XCBuildConfiguration section */
		A0DA35EC212428D7006F58CF /* Debug */ = {
			isa = XCBuildConfiguration;
			buildSettings = {
				ALWAYS_SEARCH_USER_PATHS = NO;
				CLANG_ANALYZER_NONNULL = YES;
				CLANG_ANALYZER_NUMBER_OBJECT_CONVERSION = YES_AGGRESSIVE;
				CLANG_CXX_LANGUAGE_STANDARD = "gnu++14";
				CLANG_CXX_LIBRARY = "libc++";
				CLANG_ENABLE_MODULES = YES;
				CLANG_ENABLE_OBJC_ARC = YES;
				CLANG_ENABLE_OBJC_WEAK = YES;
				CLANG_WARN_BLOCK_CAPTURE_AUTORELEASING = YES;
				CLANG_WARN_BOOL_CONVERSION = YES;
				CLANG_WARN_COMMA = YES;
				CLANG_WARN_CONSTANT_CONVERSION = YES;
				CLANG_WARN_DEPRECATED_OBJC_IMPLEMENTATIONS = YES;
				CLANG_WARN_DIRECT_OBJC_ISA_USAGE = YES_ERROR;
				CLANG_WARN_DOCUMENTATION_COMMENTS = YES;
				CLANG_WARN_EMPTY_BODY = YES;
				CLANG_WARN_ENUM_CONVERSION = YES;
				CLANG_WARN_INFINITE_RECURSION = YES;
				CLANG_WARN_INT_CONVERSION = YES;
				CLANG_WARN_NON_LITERAL_NULL_CONVERSION = YES;
				CLANG_WARN_OBJC_IMPLICIT_RETAIN_SELF = YES;
				CLANG_WARN_OBJC_LITERAL_CONVERSION = YES;
				CLANG_WARN_OBJC_ROOT_CLASS = YES_ERROR;
				CLANG_WARN_RANGE_LOOP_ANALYSIS = YES;
				CLANG_WARN_STRICT_PROTOTYPES = YES;
				CLANG_WARN_SUSPICIOUS_MOVE = YES;
				CLANG_WARN_UNGUARDED_AVAILABILITY = YES_AGGRESSIVE;
				CLANG_WARN_UNREACHABLE_CODE = YES;
				CLANG_WARN__DUPLICATE_METHOD_MATCH = YES;
				CODE_SIGN_IDENTITY = "iPhone Developer";
				COPY_PHASE_STRIP = NO;
				DEBUG_INFORMATION_FORMAT = dwarf;
				ENABLE_STRICT_OBJC_MSGSEND = YES;
				ENABLE_TESTABILITY = YES;
				GCC_C_LANGUAGE_STANDARD = gnu11;
				GCC_DYNAMIC_NO_PIC = NO;
				GCC_NO_COMMON_BLOCKS = YES;
				GCC_OPTIMIZATION_LEVEL = 0;
				GCC_PREPROCESSOR_DEFINITIONS = (
					"DEBUG=1",
					"$(inherited)",
				);
				GCC_WARN_64_TO_32_BIT_CONVERSION = YES;
				GCC_WARN_ABOUT_RETURN_TYPE = YES_ERROR;
				GCC_WARN_UNDECLARED_SELECTOR = YES;
				GCC_WARN_UNINITIALIZED_AUTOS = YES_AGGRESSIVE;
				GCC_WARN_UNUSED_FUNCTION = YES;
				GCC_WARN_UNUSED_VARIABLE = YES;
				IPHONEOS_DEPLOYMENT_TARGET = 11.4;
				MTL_ENABLE_DEBUG_INFO = YES;
				ONLY_ACTIVE_ARCH = YES;
				SDKROOT = iphoneos;
			};
			name = Debug;
		};
		A0DA35ED212428D7006F58CF /* Release */ = {
			isa = XCBuildConfiguration;
			buildSettings = {
				ALWAYS_SEARCH_USER_PATHS = NO;
				CLANG_ANALYZER_NONNULL = YES;
				CLANG_ANALYZER_NUMBER_OBJECT_CONVERSION = YES_AGGRESSIVE;
				CLANG_CXX_LANGUAGE_STANDARD = "gnu++14";
				CLANG_CXX_LIBRARY = "libc++";
				CLANG_ENABLE_MODULES = YES;
				CLANG_ENABLE_OBJC_ARC = YES;
				CLANG_ENABLE_OBJC_WEAK = YES;
				CLANG_WARN_BLOCK_CAPTURE_AUTORELEASING = YES;
				CLANG_WARN_BOOL_CONVERSION = YES;
				CLANG_WARN_COMMA = YES;
				CLANG_WARN_CONSTANT_CONVERSION = YES;
				CLANG_WARN_DEPRECATED_OBJC_IMPLEMENTATIONS = YES;
				CLANG_WARN_DIRECT_OBJC_ISA_USAGE = YES_ERROR;
				CLANG_WARN_DOCUMENTATION_COMMENTS = YES;
				CLANG_WARN_EMPTY_BODY = YES;
				CLANG_WARN_ENUM_CONVERSION = YES;
				CLANG_WARN_INFINITE_RECURSION = YES;
				CLANG_WARN_INT_CONVERSION = YES;
				CLANG_WARN_NON_LITERAL_NULL_CONVERSION = YES;
				CLANG_WARN_OBJC_IMPLICIT_RETAIN_SELF = YES;
				CLANG_WARN_OBJC_LITERAL_CONVERSION = YES;
				CLANG_WARN_OBJC_ROOT_CLASS = YES_ERROR;
				CLANG_WARN_RANGE_LOOP_ANALYSIS = YES;
				CLANG_WARN_STRICT_PROTOTYPES = YES;
				CLANG_WARN_SUSPICIOUS_MOVE = YES;
				CLANG_WARN_UNGUARDED_AVAILABILITY = YES_AGGRESSIVE;
				CLANG_WARN_UNREACHABLE_CODE = YES;
				CLANG_WARN__DUPLICATE_METHOD_MATCH = YES;
				CODE_SIGN_IDENTITY = "iPhone Developer";
				COPY_PHASE_STRIP = NO;
				DEBUG_INFORMATION_FORMAT = "dwarf-with-dsym";
				ENABLE_NS_ASSERTIONS = NO;
				ENABLE_STRICT_OBJC_MSGSEND = YES;
				GCC_C_LANGUAGE_STANDARD = gnu11;
				GCC_NO_COMMON_BLOCKS = YES;
				GCC_WARN_64_TO_32_BIT_CONVERSION = YES;
				GCC_WARN_ABOUT_RETURN_TYPE = YES_ERROR;
				GCC_WARN_UNDECLARED_SELECTOR = YES;
				GCC_WARN_UNINITIALIZED_AUTOS = YES_AGGRESSIVE;
				GCC_WARN_UNUSED_FUNCTION = YES;
				GCC_WARN_UNUSED_VARIABLE = YES;
				IPHONEOS_DEPLOYMENT_TARGET = 11.4;
				MTL_ENABLE_DEBUG_INFO = NO;
				SDKROOT = iphoneos;
				VALIDATE_PRODUCT = YES;
			};
			name = Release;
		};
		A0DA35EF212428D7006F58CF /* Debug */ = {
			isa = XCBuildConfiguration;
			buildSettings = {
				ASSETCATALOG_COMPILER_APPICON_NAME = AppIcon;
				CODE_SIGN_STYLE = Automatic;
				INFOPLIST_FILE = TransitionViewControllerDemo/Info.plist;
				IPHONEOS_DEPLOYMENT_TARGET = 10.0;
				LD_RUNPATH_SEARCH_PATHS = (
					"$(inherited)",
					"@executable_path/Frameworks",
				);
				PRODUCT_BUNDLE_IDENTIFIER = WineKai.TransitionViewControllerDemo;
				PRODUCT_NAME = "$(TARGET_NAME)";
				TARGETED_DEVICE_FAMILY = 1;
			};
			name = Debug;
		};
		A0DA35F0212428D7006F58CF /* Release */ = {
			isa = XCBuildConfiguration;
			buildSettings = {
				ASSETCATALOG_COMPILER_APPICON_NAME = AppIcon;
				CODE_SIGN_STYLE = Automatic;
				INFOPLIST_FILE = TransitionViewControllerDemo/Info.plist;
				IPHONEOS_DEPLOYMENT_TARGET = 10.0;
				LD_RUNPATH_SEARCH_PATHS = (
					"$(inherited)",
					"@executable_path/Frameworks",
				);
				PRODUCT_BUNDLE_IDENTIFIER = WineKai.TransitionViewControllerDemo;
				PRODUCT_NAME = "$(TARGET_NAME)";
				TARGETED_DEVICE_FAMILY = 1;
			};
			name = Release;
		};
		A0DA35F2212428D7006F58CF /* Debug */ = {
			isa = XCBuildConfiguration;
			buildSettings = {
				BUNDLE_LOADER = "$(TEST_HOST)";
				CODE_SIGN_STYLE = Automatic;
				INFOPLIST_FILE = TransitionViewControllerDemoTests/Info.plist;
				LD_RUNPATH_SEARCH_PATHS = (
					"$(inherited)",
					"@executable_path/Frameworks",
					"@loader_path/Frameworks",
				);
				PRODUCT_BUNDLE_IDENTIFIER = WineKai.TransitionViewControllerDemoTests;
				PRODUCT_NAME = "$(TARGET_NAME)";
				TARGETED_DEVICE_FAMILY = "1,2";
				TEST_HOST = "$(BUILT_PRODUCTS_DIR)/TransitionViewControllerDemo.app/TransitionViewControllerDemo";
			};
			name = Debug;
		};
		A0DA35F3212428D7006F58CF /* Release */ = {
			isa = XCBuildConfiguration;
			buildSettings = {
				BUNDLE_LOADER = "$(TEST_HOST)";
				CODE_SIGN_STYLE = Automatic;
				INFOPLIST_FILE = TransitionViewControllerDemoTests/Info.plist;
				LD_RUNPATH_SEARCH_PATHS = (
					"$(inherited)",
					"@executable_path/Frameworks",
					"@loader_path/Frameworks",
				);
				PRODUCT_BUNDLE_IDENTIFIER = WineKai.TransitionViewControllerDemoTests;
				PRODUCT_NAME = "$(TARGET_NAME)";
				TARGETED_DEVICE_FAMILY = "1,2";
				TEST_HOST = "$(BUILT_PRODUCTS_DIR)/TransitionViewControllerDemo.app/TransitionViewControllerDemo";
			};
			name = Release;
		};
		A0DA35F5212428D7006F58CF /* Debug */ = {
			isa = XCBuildConfiguration;
			buildSettings = {
				CODE_SIGN_STYLE = Automatic;
				INFOPLIST_FILE = TransitionViewControllerDemoUITests/Info.plist;
				LD_RUNPATH_SEARCH_PATHS = (
					"$(inherited)",
					"@executable_path/Frameworks",
					"@loader_path/Frameworks",
				);
				PRODUCT_BUNDLE_IDENTIFIER = WineKai.TransitionViewControllerDemoUITests;
				PRODUCT_NAME = "$(TARGET_NAME)";
				TARGETED_DEVICE_FAMILY = "1,2";
				TEST_TARGET_NAME = TransitionViewControllerDemo;
			};
			name = Debug;
		};
		A0DA35F6212428D7006F58CF /* Release */ = {
			isa = XCBuildConfiguration;
			buildSettings = {
				CODE_SIGN_STYLE = Automatic;
				INFOPLIST_FILE = TransitionViewControllerDemoUITests/Info.plist;
				LD_RUNPATH_SEARCH_PATHS = (
					"$(inherited)",
					"@executable_path/Frameworks",
					"@loader_path/Frameworks",
				);
				PRODUCT_BUNDLE_IDENTIFIER = WineKai.TransitionViewControllerDemoUITests;
				PRODUCT_NAME = "$(TARGET_NAME)";
				TARGETED_DEVICE_FAMILY = "1,2";
				TEST_TARGET_NAME = TransitionViewControllerDemo;
			};
			name = Release;
		};
/* End XCBuildConfiguration section */

/* Begin XCConfigurationList section */
		A0DA35BD212428D4006F58CF /* Build configuration list for PBXProject "TransitionViewControllerDemo" */ = {
			isa = XCConfigurationList;
			buildConfigurations = (
				A0DA35EC212428D7006F58CF /* Debug */,
				A0DA35ED212428D7006F58CF /* Release */,
			);
			defaultConfigurationIsVisible = 0;
			defaultConfigurationName = Release;
		};
		A0DA35EE212428D7006F58CF /* Build configuration list for PBXNativeTarget "TransitionViewControllerDemo" */ = {
			isa = XCConfigurationList;
			buildConfigurations = (
				A0DA35EF212428D7006F58CF /* Debug */,
				A0DA35F0212428D7006F58CF /* Release */,
			);
			defaultConfigurationIsVisible = 0;
			defaultConfigurationName = Release;
		};
		A0DA35F1212428D7006F58CF /* Build configuration list for PBXNativeTarget "TransitionViewControllerDemoTests" */ = {
			isa = XCConfigurationList;
			buildConfigurations = (
				A0DA35F2212428D7006F58CF /* Debug */,
				A0DA35F3212428D7006F58CF /* Release */,
			);
			defaultConfigurationIsVisible = 0;
			defaultConfigurationName = Release;
		};
		A0DA35F4212428D7006F58CF /* Build configuration list for PBXNativeTarget "TransitionViewControllerDemoUITests" */ = {
			isa = XCConfigurationList;
			buildConfigurations = (
				A0DA35F5212428D7006F58CF /* Debug */,
				A0DA35F6212428D7006F58CF /* Release */,
			);
			defaultConfigurationIsVisible = 0;
			defaultConfigurationName = Release;
		};
/* End XCConfigurationList section */
	};
	rootObject = A0DA35BA212428D4006F58CF /* Project object */;
}
